{
    "version": 3,
    "terraform_version": "0.9.11",
    "serial": 26,
    "lineage": "f835ad92-9a61-400b-8532-997560c72d9f",
    "modules": [
        {
            "path": [
                "root"
            ],
            "outputs": {
                "public_ip": {
                    "sensitive": false,
                    "type": "string",
                    "value": "129.157.129.77"
                }
            },
            "resources": {
                "data.template_file.default_profile": {
                    "type": "template_file",
                    "depends_on": [],
                    "primary": {
                        "id": "208c6da48c6700e8b02fb994405095b10e9c26b3aa00acaf1e053d3550526444",
                        "attributes": {
                            "id": "208c6da48c6700e8b02fb994405095b10e9c26b3aa00acaf1e053d3550526444",
                            "rendered": "{\n  \"global\": {\n    \"debug-requests\": false\n  },\n  \"compute\": {\n    \"user\": \"/Compute-citiccloud/greg.huang@oracle.com\",\n    \"password-file\": \"/root/.opc/profiles/pwd\",\n    \"endpoint\": \"api-z50.compute.us6.oraclecloud.com\"\n  }\n}",
                            "template": "{\n  \"global\": {\n    \"debug-requests\": false\n  },\n  \"compute\": {\n    \"user\": \"${opc_user}\",\n    \"password-file\": \"/root/.opc/profiles/pwd\",\n    \"endpoint\": \"${opc_endpoint}\"\n  }\n}",
                            "vars.%": "2",
                            "vars.opc_endpoint": "api-z50.compute.us6.oraclecloud.com",
                            "vars.opc_user": "/Compute-citiccloud/greg.huang@oracle.com"
                        },
                        "meta": {},
                        "tainted": false
                    },
                    "deposed": [],
                    "provider": ""
                },
                "data.template_file.mysql1_sh": {
                    "type": "template_file",
                    "depends_on": [
                        "opc_compute_route.mysql_vip_route",
                        "opc_compute_vnic_set.mysql_02"
                    ],
                    "primary": {
                        "id": "4bcbc36ccaa386f8331c5772bddfd83f2c93f9046332a1ad4d375812b4d00634",
                        "attributes": {
                            "id": "4bcbc36ccaa386f8331c5772bddfd83f2c93f9046332a1ad4d375812b4d00634",
                            "rendered": "#!/bin/bash\npkill keepalived\nopc compute routes update /Compute-citiccloud/greg.huang@oracle.com/mysql_vip 192.168.2.88/32 /Compute-citiccloud/greg.huang@oracle.com/mysql_02",
                            "template": "#!/bin/bash\npkill keepalived\nopc compute routes update ${mysql_vip_route} 192.168.2.88/32 ${mysql_vnset}",
                            "vars.%": "2",
                            "vars.mysql_vip_route": "/Compute-citiccloud/greg.huang@oracle.com/mysql_vip",
                            "vars.mysql_vnset": "/Compute-citiccloud/greg.huang@oracle.com/mysql_02"
                        },
                        "meta": {},
                        "tainted": false
                    },
                    "deposed": [],
                    "provider": ""
                },
                "data.template_file.mysql2_sh": {
                    "type": "template_file",
                    "depends_on": [
                        "opc_compute_route.mysql_vip_route",
                        "opc_compute_vnic_set.mysql_01"
                    ],
                    "primary": {
                        "id": "91d04655345ee5bfd30b7f4db3632fc157d0b124f3a1fe52a51c943f7072b4a0",
                        "attributes": {
                            "id": "91d04655345ee5bfd30b7f4db3632fc157d0b124f3a1fe52a51c943f7072b4a0",
                            "rendered": "#!/bin/bash\npkill keepalived\nopc compute routes update /Compute-citiccloud/greg.huang@oracle.com/mysql_vip 192.168.2.88/32 /Compute-citiccloud/greg.huang@oracle.com/mysql_01",
                            "template": "#!/bin/bash\npkill keepalived\nopc compute routes update ${mysql_vip_route} 192.168.2.88/32 ${mysql_vnset}",
                            "vars.%": "2",
                            "vars.mysql_vip_route": "/Compute-citiccloud/greg.huang@oracle.com/mysql_vip",
                            "vars.mysql_vnset": "/Compute-citiccloud/greg.huang@oracle.com/mysql_01"
                        },
                        "meta": {},
                        "tainted": false
                    },
                    "deposed": [],
                    "provider": ""
                },
                "data.template_file.pwd": {
                    "type": "template_file",
                    "depends_on": [],
                    "primary": {
                        "id": "59f20781ea9545330263986086054aa00ef763d7af450f1db60c77ab79064146",
                        "attributes": {
                            "id": "59f20781ea9545330263986086054aa00ef763d7af450f1db60c77ab79064146",
                            "rendered": "Guoguo@1101",
                            "template": "${pwd}",
                            "vars.%": "1",
                            "vars.pwd": "Guoguo@1101"
                        },
                        "meta": {},
                        "tainted": false
                    },
                    "deposed": [],
                    "provider": ""
                },
                "opc_compute_instance.instance-1": {
                    "type": "opc_compute_instance",
                    "depends_on": [
                        "data.template_file.default_profile",
                        "data.template_file.mysql1_sh",
                        "data.template_file.pwd",
                        "opc_compute_ip_network.ip-network-1",
                        "opc_compute_ip_reservation.reservation1",
                        "opc_compute_ssh_key.ssh_key",
                        "opc_compute_vnic_set.mysql_01"
                    ],
                    "primary": {
                        "id": "d1c4110a-265c-4e92-b63f-9defbbbc413a",
                        "attributes": {
                            "attributes": "{\"dns\":{\"domain\":\"compute-citiccloud.oraclecloud.internal.\",\"hostname\":\"mysql01\"},\"network\":{\"nimbula_vcable-eth0\":{\"address\":[\"c6:b0:c0:a8:02:0b\",\"192.168.2.11\"],\"id\":\"/Compute-citiccloud/greg.huang@oracle.com/mysql_01/d1c4110a-265c-4e92-b63f-9defbbbc413a/eth0\",\"instance\":\"/Compute-citiccloud/greg.huang@oracle.com/mysql_01/d1c4110a-265c-4e92-b63f-9defbbbc413a\",\"ipassociations\":[],\"ipattachment\":\"/Compute-citiccloud/greg.huang@oracle.com/mysql_01/d1c4110a-265c-4e92-b63f-9defbbbc413a/eth0\",\"ipnetwork\":\"/Compute-citiccloud/greg.huang@oracle.com/Pirvate_IPNetwork\",\"vnic\":\"/Compute-citiccloud/greg.huang@oracle.com/mysql_01/d1c4110a-265c-4e92-b63f-9defbbbc413a/eth0\",\"vnicsets\":[\"/Compute-citiccloud/greg.huang@oracle.com/mysql_01\"]}},\"sshkeys\":[\"ssh-rsa AAAAB3NzaC1yc2EAAAADAQABAAABAQDAp2woDcIJccaIB8jxaNXu7BX36Rapu/yUB9kF2mP48GO7G53hV52lsrTJY5dpBGVzWpUXP2FXHLIhbaYHxfHXQ/JoE59Ijp3ZDT/rGPq2V12+Ooq8IhOxlU33Fd4JWpw29txWGgczmFKiBhYf7wRZSGAaVboILKPcC9B/owk1ELq+X3y7SYUQ5zwp8z4vqfKE9m+c2/qA175+bx2nlSOUYpv2kQbF73y7P11x7KxFvWQ9GVOk+/Ao3eL1ynnbbD1mgxPqsh/IvTpUdV2fSkklspVQjSEUXdWjPjmD2/iZsPPjaF8i7/j8d4PJmi2uFJs9bXyCFMV+W/2ausAcDgMv\\n\"]}",
                            "availability_domain": "/ad1",
                            "boot_order.#": "0",
                            "desired_state": "running",
                            "domain": "compute-citiccloud.oraclecloud.internal.",
                            "entry": "1",
                            "fingerprint": "",
                            "fqdn": "mysql01",
                            "hostname": "mysql01",
                            "id": "d1c4110a-265c-4e92-b63f-9defbbbc413a",
                            "image_format": "raw",
                            "image_list": "/oracle/public/OL_7.2_UEKR4_x86_64",
                            "ip_address": "192.168.2.11",
                            "label": "mysql_01",
                            "name": "mysql_01",
                            "networking_info.#": "1",
                            "networking_info.4103242853.dns.#": "0",
                            "networking_info.4103242853.index": "0",
                            "networking_info.4103242853.ip_address": "192.168.2.11",
                            "networking_info.4103242853.ip_network": "Pirvate_IPNetwork",
                            "networking_info.4103242853.mac_address": "",
                            "networking_info.4103242853.name_servers.#": "1",
                            "networking_info.4103242853.name_servers.0": "8.8.8.8",
                            "networking_info.4103242853.nat.#": "0",
                            "networking_info.4103242853.search_domains.#": "0",
                            "networking_info.4103242853.sec_lists.#": "0",
                            "networking_info.4103242853.shared_network": "false",
                            "networking_info.4103242853.vnic": "",
                            "networking_info.4103242853.vnic_sets.#": "1",
                            "networking_info.4103242853.vnic_sets.0": "mysql_01",
                            "placement_requirements.#": "2",
                            "placement_requirements.0": "/system/compute/allow_instances",
                            "placement_requirements.1": "/system/compute/placement/default",
                            "platform": "linux",
                            "priority": "/oracle/public/default",
                            "quota_reservation": "",
                            "relationships.#": "0",
                            "resolvers.#": "0",
                            "reverse_dns": "true",
                            "shape": "oc3",
                            "site": "",
                            "ssh_keys.#": "1",
                            "ssh_keys.0": "mysql-example-key",
                            "start_time": "2017-07-15T08:51:14Z",
                            "state": "running",
                            "storage.#": "0",
                            "tags.#": "0",
                            "vcable": "",
                            "virtio": "false",
                            "vnc_address": ""
                        },
                        "meta": {},
                        "tainted": false
                    },
                    "deposed": [],
                    "provider": ""
                },
                "opc_compute_instance.instance-2": {
                    "type": "opc_compute_instance",
                    "depends_on": [
                        "data.template_file.default_profile",
                        "data.template_file.mysql2_sh",
                        "data.template_file.pwd",
                        "opc_compute_ip_network.ip-network-1",
                        "opc_compute_ip_reservation.reservation1",
                        "opc_compute_ssh_key.ssh_key",
                        "opc_compute_vnic_set.mysql_02"
                    ],
                    "primary": {
                        "id": "0626f42a-b55c-44cb-989f-85f707ba7340",
                        "attributes": {
                            "attributes": "{\"dns\":{\"domain\":\"compute-citiccloud.oraclecloud.internal.\",\"hostname\":\"mysql02\"},\"network\":{\"nimbula_vcable-eth0\":{\"address\":[\"c6:b0:c0:a8:02:0c\",\"192.168.2.12\"],\"id\":\"/Compute-citiccloud/greg.huang@oracle.com/mysql_02/0626f42a-b55c-44cb-989f-85f707ba7340/eth0\",\"instance\":\"/Compute-citiccloud/greg.huang@oracle.com/mysql_02/0626f42a-b55c-44cb-989f-85f707ba7340\",\"ipassociations\":[],\"ipattachment\":\"/Compute-citiccloud/greg.huang@oracle.com/mysql_02/0626f42a-b55c-44cb-989f-85f707ba7340/eth0\",\"ipnetwork\":\"/Compute-citiccloud/greg.huang@oracle.com/Pirvate_IPNetwork\",\"vnic\":\"/Compute-citiccloud/greg.huang@oracle.com/mysql_02/0626f42a-b55c-44cb-989f-85f707ba7340/eth0\",\"vnicsets\":[\"/Compute-citiccloud/greg.huang@oracle.com/mysql_02\"]}},\"sshkeys\":[\"ssh-rsa AAAAB3NzaC1yc2EAAAADAQABAAABAQDAp2woDcIJccaIB8jxaNXu7BX36Rapu/yUB9kF2mP48GO7G53hV52lsrTJY5dpBGVzWpUXP2FXHLIhbaYHxfHXQ/JoE59Ijp3ZDT/rGPq2V12+Ooq8IhOxlU33Fd4JWpw29txWGgczmFKiBhYf7wRZSGAaVboILKPcC9B/owk1ELq+X3y7SYUQ5zwp8z4vqfKE9m+c2/qA175+bx2nlSOUYpv2kQbF73y7P11x7KxFvWQ9GVOk+/Ao3eL1ynnbbD1mgxPqsh/IvTpUdV2fSkklspVQjSEUXdWjPjmD2/iZsPPjaF8i7/j8d4PJmi2uFJs9bXyCFMV+W/2ausAcDgMv\\n\"]}",
                            "availability_domain": "/ad1",
                            "boot_order.#": "0",
                            "desired_state": "running",
                            "domain": "compute-citiccloud.oraclecloud.internal.",
                            "entry": "1",
                            "fingerprint": "",
                            "fqdn": "mysql02",
                            "hostname": "mysql02",
                            "id": "0626f42a-b55c-44cb-989f-85f707ba7340",
                            "image_format": "raw",
                            "image_list": "/oracle/public/OL_7.2_UEKR4_x86_64",
                            "ip_address": "192.168.2.12",
                            "label": "mysql_02",
                            "name": "mysql_02",
                            "networking_info.#": "1",
                            "networking_info.4103242853.dns.#": "0",
                            "networking_info.4103242853.index": "0",
                            "networking_info.4103242853.ip_address": "192.168.2.12",
                            "networking_info.4103242853.ip_network": "Pirvate_IPNetwork",
                            "networking_info.4103242853.mac_address": "",
                            "networking_info.4103242853.name_servers.#": "1",
                            "networking_info.4103242853.name_servers.0": "8.8.8.8",
                            "networking_info.4103242853.nat.#": "0",
                            "networking_info.4103242853.search_domains.#": "0",
                            "networking_info.4103242853.sec_lists.#": "0",
                            "networking_info.4103242853.shared_network": "false",
                            "networking_info.4103242853.vnic": "",
                            "networking_info.4103242853.vnic_sets.#": "1",
                            "networking_info.4103242853.vnic_sets.0": "mysql_02",
                            "placement_requirements.#": "2",
                            "placement_requirements.0": "/system/compute/allow_instances",
                            "placement_requirements.1": "/system/compute/placement/default",
                            "platform": "linux",
                            "priority": "/oracle/public/default",
                            "quota_reservation": "",
                            "relationships.#": "0",
                            "resolvers.#": "0",
                            "reverse_dns": "true",
                            "shape": "oc3",
                            "site": "",
                            "ssh_keys.#": "1",
                            "ssh_keys.0": "mysql-example-key",
                            "start_time": "2017-07-15T08:51:13Z",
                            "state": "running",
                            "storage.#": "0",
                            "tags.#": "0",
                            "vcable": "",
                            "virtio": "false",
                            "vnc_address": ""
                        },
                        "meta": {},
                        "tainted": false
                    },
                    "deposed": [],
                    "provider": ""
                },
                "opc_compute_instance.instance-3": {
                    "type": "opc_compute_instance",
                    "depends_on": [
                        "opc_compute_ip_network.ip-network-1",
                        "opc_compute_ip_reservation.reservation1",
                        "opc_compute_ssh_key.ssh_key",
                        "opc_compute_vnic_set.nat_set"
                    ],
                    "primary": {
                        "id": "95a21e9f-1052-4f33-93ba-1d215142ab35",
                        "attributes": {
                            "attributes": "{\"dns\":{\"domain\":\"compute-citiccloud.oraclecloud.internal.\",\"hostname\":\"nat.compute-citiccloud.oraclecloud.internal.\",\"nimbula_vcable-eth0\":\"nat.compute-citiccloud.oraclecloud.internal.\"},\"network\":{\"nimbula_vcable-eth0\":{\"address\":[\"c6:b0:bd:20:d8:04\",\"100.65.23.162\"],\"dhcp_options\":[],\"id\":\"/Compute-citiccloud/greg.huang@oracle.com/4c14015c-f9bc-40dd-9c16-bec5865f9853\",\"model\":\"e1000\",\"vethernet\":\"/oracle/public/default\",\"vethernet_id\":\"0\",\"vethernet_type\":\"vlan\"},\"nimbula_vcable-eth1\":{\"address\":[\"c6:b0:c0:a8:02:65\",\"192.168.2.101\"],\"id\":\"/Compute-citiccloud/greg.huang@oracle.com/nat_instance/95a21e9f-1052-4f33-93ba-1d215142ab35/eth1\",\"instance\":\"/Compute-citiccloud/greg.huang@oracle.com/nat_instance/95a21e9f-1052-4f33-93ba-1d215142ab35\",\"ipassociations\":[],\"ipattachment\":\"/Compute-citiccloud/greg.huang@oracle.com/nat_instance/95a21e9f-1052-4f33-93ba-1d215142ab35/eth1\",\"ipnetwork\":\"/Compute-citiccloud/greg.huang@oracle.com/Pirvate_IPNetwork\",\"vnic\":\"/Compute-citiccloud/greg.huang@oracle.com/nat_instance/95a21e9f-1052-4f33-93ba-1d215142ab35/eth1\",\"vnicsets\":[\"/Compute-citiccloud/greg.huang@oracle.com/nat_vnic_set\"]}},\"sshkeys\":[\"ssh-rsa AAAAB3NzaC1yc2EAAAADAQABAAABAQDAp2woDcIJccaIB8jxaNXu7BX36Rapu/yUB9kF2mP48GO7G53hV52lsrTJY5dpBGVzWpUXP2FXHLIhbaYHxfHXQ/JoE59Ijp3ZDT/rGPq2V12+Ooq8IhOxlU33Fd4JWpw29txWGgczmFKiBhYf7wRZSGAaVboILKPcC9B/owk1ELq+X3y7SYUQ5zwp8z4vqfKE9m+c2/qA175+bx2nlSOUYpv2kQbF73y7P11x7KxFvWQ9GVOk+/Ao3eL1ynnbbD1mgxPqsh/IvTpUdV2fSkklspVQjSEUXdWjPjmD2/iZsPPjaF8i7/j8d4PJmi2uFJs9bXyCFMV+W/2ausAcDgMv\\n\"],\"userdata\":{\"pre-bootstrap\":{\"failonerror\":true,\"script\":[\"sysctl -w net.ipv4.ip_forward=1\",\"systemctl start iptables\",\"iptables -t nat -A POSTROUTING -o eth0 -s 192.168.2.0/24 -j MASQUERADE\",\"iptables -D FORWARD 1\",\"yum install -y mysql\"]}}}",
                            "availability_domain": "/ad1",
                            "boot_order.#": "0",
                            "desired_state": "running",
                            "domain": "compute-citiccloud.oraclecloud.internal.",
                            "entry": "1",
                            "fingerprint": "",
                            "fqdn": "nat.compute-citiccloud.oraclecloud.internal.",
                            "hostname": "nat",
                            "id": "95a21e9f-1052-4f33-93ba-1d215142ab35",
                            "image_format": "raw",
                            "image_list": "/oracle/public/OL_7.2_UEKR4_x86_64",
                            "instance_attributes": "  {\n    \"userdata\":{\n      \"pre-bootstrap\": {\n        \"failonerror\": true,\n        \"script\": [\n          \"sysctl -w net.ipv4.ip_forward=1\",\n          \"systemctl start iptables\",\n          \"iptables -t nat -A POSTROUTING -o eth0 -s 192.168.2.0/24 -j MASQUERADE\",\n          \"iptables -D FORWARD 1\",\n          \"yum install -y mysql\"\n        ]\n      }\n    }\n  }\n  ",
                            "ip_address": "100.65.23.162",
                            "label": "nat_instance",
                            "name": "nat_instance",
                            "networking_info.#": "2",
                            "networking_info.1070487488.dns.#": "0",
                            "networking_info.1070487488.index": "1",
                            "networking_info.1070487488.ip_address": "192.168.2.101",
                            "networking_info.1070487488.ip_network": "Pirvate_IPNetwork",
                            "networking_info.1070487488.mac_address": "",
                            "networking_info.1070487488.name_servers.#": "1",
                            "networking_info.1070487488.name_servers.0": "8.8.8.8",
                            "networking_info.1070487488.nat.#": "0",
                            "networking_info.1070487488.search_domains.#": "0",
                            "networking_info.1070487488.sec_lists.#": "0",
                            "networking_info.1070487488.shared_network": "false",
                            "networking_info.1070487488.vnic": "",
                            "networking_info.1070487488.vnic_sets.#": "1",
                            "networking_info.1070487488.vnic_sets.0": "nat_vnic_set",
                            "networking_info.644543798.dns.#": "1",
                            "networking_info.644543798.dns.0": "nat.compute-citiccloud.oraclecloud.internal.",
                            "networking_info.644543798.index": "0",
                            "networking_info.644543798.ip_address": "",
                            "networking_info.644543798.ip_network": "",
                            "networking_info.644543798.mac_address": "",
                            "networking_info.644543798.name_servers.#": "1",
                            "networking_info.644543798.name_servers.0": "8.8.8.8",
                            "networking_info.644543798.nat.#": "1",
                            "networking_info.644543798.nat.0": "92e24bb1-5c06-48ea-9e3f-e044a0caa338",
                            "networking_info.644543798.search_domains.#": "0",
                            "networking_info.644543798.sec_lists.#": "1",
                            "networking_info.644543798.sec_lists.0": "/Compute-citiccloud/default/default",
                            "networking_info.644543798.shared_network": "true",
                            "networking_info.644543798.vnic": "",
                            "networking_info.644543798.vnic_sets.#": "0",
                            "placement_requirements.#": "2",
                            "placement_requirements.0": "/system/compute/allow_instances",
                            "placement_requirements.1": "/system/compute/placement/default",
                            "platform": "linux",
                            "priority": "/oracle/public/default",
                            "quota_reservation": "",
                            "relationships.#": "0",
                            "resolvers.#": "0",
                            "reverse_dns": "true",
                            "shape": "oc3",
                            "site": "",
                            "ssh_keys.#": "1",
                            "ssh_keys.0": "mysql-example-key",
                            "start_time": "2017-07-15T08:51:15Z",
                            "state": "running",
                            "storage.#": "0",
                            "tags.#": "0",
                            "vcable": "4c14015c-f9bc-40dd-9c16-bec5865f9853",
                            "virtio": "false",
                            "vnc_address": "100.65.23.161:5900"
                        },
                        "meta": {},
                        "tainted": false
                    },
                    "deposed": [],
                    "provider": ""
                },
                "opc_compute_ip_network.ip-network-1": {
                    "type": "opc_compute_ip_network",
                    "depends_on": [],
                    "primary": {
                        "id": "Pirvate_IPNetwork",
                        "attributes": {
                            "description": "MySQL DB Network",
                            "id": "Pirvate_IPNetwork",
                            "ip_address_prefix": "192.168.2.0/24",
                            "name": "Pirvate_IPNetwork",
                            "public_napt_enabled": "false",
                            "tags.#": "0",
                            "uri": "https://api-z50.compute.us6.oraclecloud.com:443/network/v1/ipnetwork/Compute-citiccloud/greg.huang@oracle.com/Pirvate_IPNetwork"
                        },
                        "meta": {},
                        "tainted": false
                    },
                    "deposed": [],
                    "provider": ""
                },
                "opc_compute_ip_reservation.reservation1": {
                    "type": "opc_compute_ip_reservation",
                    "depends_on": [],
                    "primary": {
                        "id": "92e24bb1-5c06-48ea-9e3f-e044a0caa338",
                        "attributes": {
                            "id": "92e24bb1-5c06-48ea-9e3f-e044a0caa338",
                            "ip": "129.157.129.77",
                            "name": "92e24bb1-5c06-48ea-9e3f-e044a0caa338",
                            "parent_pool": "/oracle/public/ippool",
                            "permanent": "true",
                            "tags.#": "0"
                        },
                        "meta": {},
                        "tainted": false
                    },
                    "deposed": [],
                    "provider": ""
                },
                "opc_compute_route.mysql_vip_route": {
                    "type": "opc_compute_route",
                    "depends_on": [
                        "opc_compute_vnic_set.mysql_01"
                    ],
                    "primary": {
                        "id": "mysql_vip",
                        "attributes": {
                            "admin_distance": "0",
                            "description": "MySQL VIP Network route",
                            "id": "mysql_vip",
                            "ip_address_prefix": "192.168.2.88/32",
                            "name": "mysql_vip",
                            "next_hop_vnic_set": "mysql_01",
                            "tags.#": "0"
                        },
                        "meta": {},
                        "tainted": false
                    },
                    "deposed": [],
                    "provider": ""
                },
                "opc_compute_route.nat_route": {
                    "type": "opc_compute_route",
                    "depends_on": [
                        "opc_compute_vnic_set.nat_set"
                    ],
                    "primary": {
                        "id": "nat_route",
                        "attributes": {
                            "admin_distance": "1",
                            "description": "NAT IP Network route",
                            "id": "nat_route",
                            "ip_address_prefix": "0.0.0.0/0",
                            "name": "nat_route",
                            "next_hop_vnic_set": "nat_vnic_set",
                            "tags.#": "0"
                        },
                        "meta": {},
                        "tainted": false
                    },
                    "deposed": [],
                    "provider": ""
                },
                "opc_compute_ssh_key.ssh_key": {
                    "type": "opc_compute_ssh_key",
                    "depends_on": [],
                    "primary": {
                        "id": "mysql-example-key",
                        "attributes": {
                            "enabled": "true",
                            "id": "mysql-example-key",
                            "key": "ssh-rsa AAAAB3NzaC1yc2EAAAADAQABAAABAQDAp2woDcIJccaIB8jxaNXu7BX36Rapu/yUB9kF2mP48GO7G53hV52lsrTJY5dpBGVzWpUXP2FXHLIhbaYHxfHXQ/JoE59Ijp3ZDT/rGPq2V12+Ooq8IhOxlU33Fd4JWpw29txWGgczmFKiBhYf7wRZSGAaVboILKPcC9B/owk1ELq+X3y7SYUQ5zwp8z4vqfKE9m+c2/qA175+bx2nlSOUYpv2kQbF73y7P11x7KxFvWQ9GVOk+/Ao3eL1ynnbbD1mgxPqsh/IvTpUdV2fSkklspVQjSEUXdWjPjmD2/iZsPPjaF8i7/j8d4PJmi2uFJs9bXyCFMV+W/2ausAcDgMv\n",
                            "name": "mysql-example-key"
                        },
                        "meta": {},
                        "tainted": false
                    },
                    "deposed": [],
                    "provider": ""
                },
                "opc_compute_vnic_set.mysql_01": {
                    "type": "opc_compute_vnic_set",
                    "depends_on": [],
                    "primary": {
                        "id": "mysql_01",
                        "attributes": {
                            "applied_acls.#": "0",
                            "description": "MySQL 01 vnic set",
                            "id": "mysql_01",
                            "name": "mysql_01",
                            "tags.#": "0",
                            "virtual_nics.#": "0"
                        },
                        "meta": {},
                        "tainted": false
                    },
                    "deposed": [],
                    "provider": ""
                },
                "opc_compute_vnic_set.mysql_02": {
                    "type": "opc_compute_vnic_set",
                    "depends_on": [],
                    "primary": {
                        "id": "mysql_02",
                        "attributes": {
                            "applied_acls.#": "0",
                            "description": "MySQL 02 vnic set",
                            "id": "mysql_02",
                            "name": "mysql_02",
                            "tags.#": "0",
                            "virtual_nics.#": "0"
                        },
                        "meta": {},
                        "tainted": false
                    },
                    "deposed": [],
                    "provider": ""
                },
                "opc_compute_vnic_set.nat_set": {
                    "type": "opc_compute_vnic_set",
                    "depends_on": [],
                    "primary": {
                        "id": "nat_vnic_set",
                        "attributes": {
                            "applied_acls.#": "0",
                            "description": "NAT vnic set",
                            "id": "nat_vnic_set",
                            "name": "nat_vnic_set",
                            "tags.#": "0",
                            "virtual_nics.#": "0"
                        },
                        "meta": {},
                        "tainted": false
                    },
                    "deposed": [],
                    "provider": ""
                }
            },
            "depends_on": []
        }
    ]
}
